PODS:
  - Flutter (1.0.0)
  - GTSDK (2.3.0.0)
  - sona (0.0.1):
    - Flutter
    - GTSDK

DEPENDENCIES:
  - Flutter (from `.symlinks/flutter/ios`)
  - sona (from `.symlinks/plugins/sona/ios`)

SPEC REPOS:
  https://github.com/cocoapods/specs.git:
    - GTSDK

EXTERNAL SOURCES:
  Flutter:
    :path: ".symlinks/flutter/ios"
  sona:
    :path: ".symlinks/plugins/sona/ios"

SPEC CHECKSUMS:
  Flutter: 9d0fac939486c9aba2809b7982dfdbb47a7b0296
  GTSDK: 16f570807190eca9846653886a1f399cb0485061
  sona: bb09fa7309e41462f9a189ea1791e2bb4d63ae56

PODFILE CHECKSUM: 1e5af4103afd21ca5ead147d7b81d06f494f51a2

COCOAPODS: 1.5.3
