PODS:
  - Flutter (1.0.0)
  - sona (0.0.1):
    - Flutter
    - UMCAnalytics
    - UMCCommon
    - UMCSecurityPlugins
  - UMCAnalytics (5.5.0):
    - UMCCommon
  - UMCCommon (1.5.2)
  - UMCSecurityPlugins (1.0.6)

DEPENDENCIES:
  - Flutter (from `.symlinks/flutter/ios`)
  - sona (from `.symlinks/plugins/sona/ios`)

SPEC REPOS:
  https://github.com/cocoapods/specs.git:
    - UMCAnalytics
    - UMCCommon
    - UMCSecurityPlugins

EXTERNAL SOURCES:
  Flutter:
    :path: ".symlinks/flutter/ios"
  sona:
    :path: ".symlinks/plugins/sona/ios"

SPEC CHECKSUMS:
  Flutter: 9d0fac939486c9aba2809b7982dfdbb47a7b0296
  sona: 2f1884e4dce1673c5430660a9fceb9099a48702b
  UMCAnalytics: 4667788559a72f2fa5077117d1b8802a3b6eb6bb
  UMCCommon: 4392868ac47ff1b101663106bb114ba616fabbad
  UMCSecurityPlugins: 0831a08f3988f3cea9f1d3a7626cd9bee4fef150

PODFILE CHECKSUM: 1e5af4103afd21ca5ead147d7b81d06f494f51a2

COCOAPODS: 1.5.3
